<?xml version="1.0" encoding="utf-8"?>
<Project ToolsVersion="4.0" xmlns="http://schemas.microsoft.com/developer/msbuild/2003">
  <ItemGroup>
    <Filter Include="Source Files">
      <UniqueIdentifier>{4FC737F1-C7A5-4376-A066-2A32D752A2FF}</UniqueIdentifier>
      <Extensions>cpp;c;cc;cxx;c++;cppm;ixx;def;odl;idl;hpj;bat;asm;asmx</Extensions>
    </Filter>
    <Filter Include="Header Files">
      <UniqueIdentifier>{93995380-89BD-4b04-88EB-625FBE52EBFB}</UniqueIdentifier>
      <Extensions>h;hh;hpp;hxx;h++;hm;inl;inc;ipp;xsd</Extensions>
    </Filter>
    <Filter Include="Resource Files">
      <UniqueIdentifier>{67DA6AB6-F800-4c08-8B7A-83BB121AAD01}</UniqueIdentifier>
      <Extensions>rc;ico;cur;bmp;dlg;rc2;rct;bin;rgs;gif;jpg;jpeg;jpe;resx;tiff;tif;png;wav;mfcribbon-ms</Extensions>
    </Filter>
    <Filter Include="Header Files\Statics">
      <UniqueIdentifier>{4b5016b5-01b5-4a14-8fe3-5412e55bbb46}</UniqueIdentifier>
    </Filter>
    <Filter Include="Source Files\Static">
      <UniqueIdentifier>{ab1cbb0b-3ff6-477b-b57c-5602af6aba1b}</UniqueIdentifier>
    </Filter>
    <Filter Include="Header Files\GameObjects">
      <UniqueIdentifier>{8fe56ef9-b28c-4120-9ddd-b6294fbfc469}</UniqueIdentifier>
    </Filter>
    <Filter Include="Source Files\GameObjects">
      <UniqueIdentifier>{9531679d-66a5-477d-9c8a-b5eec4dfd75e}</UniqueIdentifier>
    </Filter>
    <Filter Include="Header Files\SpriteHandling">
      <UniqueIdentifier>{b789062f-91be-42dd-b96e-72f3aae16b2a}</UniqueIdentifier>
    </Filter>
    <Filter Include="Source Files\SpriteHandling">
      <UniqueIdentifier>{bcd12cc4-5928-4a63-b59b-8afa6fc717d0}</UniqueIdentifier>
    </Filter>
  </ItemGroup>
  <ItemGroup>
    <ClCompile Include="main.cpp">
      <Filter>Source Files</Filter>
    </ClCompile>
    <ClCompile Include="Game.cpp">
      <Filter>Source Files</Filter>
    </ClCompile>
    <ClCompile Include="AssetLoader.cpp">
      <Filter>Source Files\Static</Filter>
    </ClCompile>
    <ClCompile Include="Maths.cpp">
      <Filter>Source Files\Static</Filter>
    </ClCompile>
    <ClCompile Include="Input.cpp">
      <Filter>Source Files\Static</Filter>
    </ClCompile>
    <ClCompile Include="Time.cpp">
      <Filter>Source Files\Static</Filter>
    </ClCompile>
    <ClCompile Include="GameObject.cpp">
      <Filter>Source Files\GameObjects</Filter>
    </ClCompile>
    <ClCompile Include="Character.cpp">
      <Filter>Source Files\GameObjects</Filter>
    </ClCompile>
    <ClCompile Include="Sprite.cpp">
      <Filter>Source Files\SpriteHandling</Filter>
    </ClCompile>
    <ClCompile Include="AnimClip.cpp">
      <Filter>Source Files\SpriteHandling</Filter>
    </ClCompile>
    <ClCompile Include="Animation.cpp">
      <Filter>Source Files\SpriteHandling</Filter>
    </ClCompile>
    <ClCompile Include="Player.cpp">
      <Filter>Source Files\GameObjects</Filter>
    </ClCompile>
    <ClCompile Include="Enemy.cpp">
      <Filter>Source Files\GameObjects</Filter>
    </ClCompile>
    <ClCompile Include="LevelHandler.cpp">
      <Filter>Source Files\Static</Filter>
    </ClCompile>
    <ClCompile Include="Prop.cpp">
      <Filter>Source Files\GameObjects</Filter>
    </ClCompile>
    <ClCompile Include="Camera.cpp">
      <Filter>Source Files\SpriteHandling</Filter>
    </ClCompile>
  </ItemGroup>
  <ItemGroup>
    <ClInclude Include="Game.h">
      <Filter>Header Files</Filter>
    </ClInclude>
    <ClInclude Include="AssetLoader.h">
      <Filter>Header Files\Statics</Filter>
    </ClInclude>
    <ClInclude Include="Input.h">
      <Filter>Header Files\Statics</Filter>
    </ClInclude>
    <ClInclude Include="Maths.h">
      <Filter>Header Files\Statics</Filter>
    </ClInclude>
    <ClInclude Include="Time.h">
      <Filter>Header Files\Statics</Filter>
    </ClInclude>
    <ClInclude Include="GameObject.h">
      <Filter>Header Files\GameObjects</Filter>
    </ClInclude>
    <ClInclude Include="Character.h">
      <Filter>Header Files\GameObjects</Filter>
    </ClInclude>
    <ClInclude Include="Structs.h">
      <Filter>Header Files</Filter>
    </ClInclude>
    <ClInclude Include="Sprite.h">
      <Filter>Header Files\SpriteHandling</Filter>
    </ClInclude>
    <ClInclude Include="AnimClip.h">
      <Filter>Header Files\SpriteHandling</Filter>
    </ClInclude>
    <ClInclude Include="Animation.h">
      <Filter>Header Files\SpriteHandling</Filter>
    </ClInclude>
    <ClInclude Include="Player.h">
      <Filter>Header Files\GameObjects</Filter>
    </ClInclude>
    <ClInclude Include="Enemy.h">
      <Filter>Header Files\GameObjects</Filter>
    </ClInclude>
    <ClInclude Include="LevelHandler.h">
      <Filter>Header Files\Statics</Filter>
    </ClInclude>
    <ClInclude Include="Prop.h">
      <Filter>Header Files\GameObjects</Filter>
    </ClInclude>
    <ClInclude Include="Camera.h">
      <Filter>Header Files\SpriteHandling</Filter>
    </ClInclude>
  </ItemGroup>
</Project>